
Microsoft Visual Studio Solution File, Format Version 10.00
# Visual Studio 2008
Project("{FAE04EC0-301F-11D3-BF4B-00C04F79EFBC}") = "FlowSharp.UITest", "FlowSharp.UITest\FlowSharp.UITest.csproj", "{FC3A65A7-9BD3-4E36-8CE2-ABC7CF6B1D92}"
EndProject
Project("{FAE04EC0-301F-11D3-BF4B-00C04F79EFBC}") = "FlowSharp.Core", "FlowSharp.Core\FlowSharp.Core.csproj", "{8A6E7A83-D075-4B71-8FC4-4E6A7C79C386}"
EndProject
Global
	GlobalSection(SolutionConfigurationPlatforms) = preSolution
		Debug|Any CPU = Debug|Any CPU
		Release|Any CPU = Release|Any CPU
	EndGlobalSection
	GlobalSection(ProjectConfigurationPlatforms) = postSolution
		{FC3A65A7-9BD3-4E36-8CE2-ABC7CF6B1D92}.Debug|Any CPU.ActiveCfg = Debug|Any CPU
		{FC3A65A7-9BD3-4E36-8CE2-ABC7CF6B1D92}.Debug|Any CPU.Build.0 = Debug|Any CPU
		{FC3A65A7-9BD3-4E36-8CE2-ABC7CF6B1D92}.Release|Any CPU.ActiveCfg = Release|Any CPU
		{FC3A65A7-9BD3-4E36-8CE2-ABC7CF6B1D92}.Release|Any CPU.Build.0 = Release|Any CPU
		{8A6E7A83-D075-4B71-8FC4-4E6A7C79C386}.Debug|Any CPU.ActiveCfg = Debug|Any CPU
		{8A6E7A83-D075-4B71-8FC4-4E6A7C79C386}.Debug|Any CPU.Build.0 = Debug|Any CPU
		{8A6E7A83-D075-4B71-8FC4-4E6A7C79C386}.Release|Any CPU.ActiveCfg = Release|Any CPU
		{8A6E7A83-D075-4B71-8FC4-4E6A7C79C386}.Release|Any CPU.Build.0 = Release|Any CPU
	EndGlobalSection
	GlobalSection(SolutionProperties) = preSolution
		HideSolutionNode = FALSE
	EndGlobalSection
EndGlobal
